
Microsoft Visual Studio Solution File, Format Version 12.00
# Visual Studio 14
VisualStudioVersion = 14.0.25420.1
MinimumVisualStudioVersion = 10.0.40219.1
Project("{FAE04EC0-301F-11D3-BF4B-00C04F79EFBC}") = "CertificadoLoteDecenalMVC", "CertificadoLoteDecenalMVC\CertificadoLoteDecenalMVC.csproj", "{7A83734A-F6E5-45EE-9B80-C34E86B926FE}"
EndProject
Project("{FAE04EC0-301F-11D3-BF4B-00C04F79EFBC}") = "EF_Produccion", "EF_Produccion\EF_Produccion.csproj", "{1B6E4A91-ADB5-4C5C-8401-2E858729AFF0}"
EndProject
Project("{FAE04EC0-301F-11D3-BF4B-00C04F79EFBC}") = "EF_UAT", "EF_UAT\EF_UAT.csproj", "{20AE7C4D-40C6-4882-AAD8-FD1B3C9B2397}"
EndProject
Global
	GlobalSection(SolutionConfigurationPlatforms) = preSolution
		Debug|Any CPU = Debug|Any CPU
		Release|Any CPU = Release|Any CPU
	EndGlobalSection
	GlobalSection(ProjectConfigurationPlatforms) = postSolution
		{7A83734A-F6E5-45EE-9B80-C34E86B926FE}.Debug|Any CPU.ActiveCfg = Debug|Any CPU
		{7A83734A-F6E5-45EE-9B80-C34E86B926FE}.Debug|Any CPU.Build.0 = Debug|Any CPU
		{7A83734A-F6E5-45EE-9B80-C34E86B926FE}.Release|Any CPU.ActiveCfg = Release|Any CPU
		{7A83734A-F6E5-45EE-9B80-C34E86B926FE}.Release|Any CPU.Build.0 = Release|Any CPU
		{1B6E4A91-ADB5-4C5C-8401-2E858729AFF0}.Debug|Any CPU.ActiveCfg = Debug|Any CPU
		{1B6E4A91-ADB5-4C5C-8401-2E858729AFF0}.Debug|Any CPU.Build.0 = Debug|Any CPU
		{1B6E4A91-ADB5-4C5C-8401-2E858729AFF0}.Release|Any CPU.ActiveCfg = Release|Any CPU
		{1B6E4A91-ADB5-4C5C-8401-2E858729AFF0}.Release|Any CPU.Build.0 = Release|Any CPU
		{20AE7C4D-40C6-4882-AAD8-FD1B3C9B2397}.Debug|Any CPU.ActiveCfg = Debug|Any CPU
		{20AE7C4D-40C6-4882-AAD8-FD1B3C9B2397}.Debug|Any CPU.Build.0 = Debug|Any CPU
		{20AE7C4D-40C6-4882-AAD8-FD1B3C9B2397}.Release|Any CPU.ActiveCfg = Release|Any CPU
		{20AE7C4D-40C6-4882-AAD8-FD1B3C9B2397}.Release|Any CPU.Build.0 = Release|Any CPU
	EndGlobalSection
	GlobalSection(SolutionProperties) = preSolution
		HideSolutionNode = FALSE
	EndGlobalSection
EndGlobal
